
Microsoft Visual Studio Solution File, Format Version 12.00
# Visual Studio Version 16
VisualStudioVersion = 16.0.31005.135
MinimumVisualStudioVersion = 10.0.40219.1
Project("{9A19103F-16F7-4668-BE54-9A1E7A4F7556}") = "Examples.Api.Fluent", "Examples.Api.Fluent\Examples.Api.Fluent.csproj", "{6F5F4601-DAE2-49D5-A76D-4AD41F5A5BB8}"
EndProject
Project("{FAE04EC0-301F-11D3-BF4B-00C04F79EFBC}") = "Examples.Api.Fluent.Tests", "Examples.Api.Fluent.Tests\Examples.Api.Fluent.Tests.csproj", "{0F0AF208-28BC-48EB-BB11-6C9DFDC3E115}"
EndProject
Global
	GlobalSection(SolutionConfigurationPlatforms) = preSolution
		Debug|Any CPU = Debug|Any CPU
		Release|Any CPU = Release|Any CPU
	EndGlobalSection
	GlobalSection(ProjectConfigurationPlatforms) = postSolution
		{6F5F4601-DAE2-49D5-A76D-4AD41F5A5BB8}.Debug|Any CPU.ActiveCfg = Debug|Any CPU
		{6F5F4601-DAE2-49D5-A76D-4AD41F5A5BB8}.Debug|Any CPU.Build.0 = Debug|Any CPU
		{6F5F4601-DAE2-49D5-A76D-4AD41F5A5BB8}.Release|Any CPU.ActiveCfg = Release|Any CPU
		{6F5F4601-DAE2-49D5-A76D-4AD41F5A5BB8}.Release|Any CPU.Build.0 = Release|Any CPU
		{0F0AF208-28BC-48EB-BB11-6C9DFDC3E115}.Debug|Any CPU.ActiveCfg = Debug|Any CPU
		{0F0AF208-28BC-48EB-BB11-6C9DFDC3E115}.Debug|Any CPU.Build.0 = Debug|Any CPU
		{0F0AF208-28BC-48EB-BB11-6C9DFDC3E115}.Release|Any CPU.ActiveCfg = Release|Any CPU
		{0F0AF208-28BC-48EB-BB11-6C9DFDC3E115}.Release|Any CPU.Build.0 = Release|Any CPU
	EndGlobalSection
	GlobalSection(SolutionProperties) = preSolution
		HideSolutionNode = FALSE
	EndGlobalSection
	GlobalSection(ExtensibilityGlobals) = postSolution
		SolutionGuid = {FDB4C01E-7CA4-44B8-B333-2F1F1AD4E0CD}
	EndGlobalSection
EndGlobal
